
Microsoft Visual Studio Solution File, Format Version 12.00
# Visual Studio 15
VisualStudioVersion = 15.0.28010.2046
MinimumVisualStudioVersion = 10.0.40219.1
Project("{FAE04EC0-301F-11D3-BF4B-00C04F79EFBC}") = "multilateration_simulator", "multilateration_simulator\multilateration_simulator.csproj", "{F821CD89-A0BD-478B-B901-1DBBD70470CD}"
EndProject
Global
	GlobalSection(SolutionConfigurationPlatforms) = preSolution
		Debug|Any CPU = Debug|Any CPU
		Release|Any CPU = Release|Any CPU
	EndGlobalSection
	GlobalSection(ProjectConfigurationPlatforms) = postSolution
		{F821CD89-A0BD-478B-B901-1DBBD70470CD}.Debug|Any CPU.ActiveCfg = Debug|Any CPU
		{F821CD89-A0BD-478B-B901-1DBBD70470CD}.Debug|Any CPU.Build.0 = Debug|Any CPU
		{F821CD89-A0BD-478B-B901-1DBBD70470CD}.Release|Any CPU.ActiveCfg = Release|Any CPU
		{F821CD89-A0BD-478B-B901-1DBBD70470CD}.Release|Any CPU.Build.0 = Release|Any CPU
	EndGlobalSection
	GlobalSection(SolutionProperties) = preSolution
		HideSolutionNode = FALSE
	EndGlobalSection
	GlobalSection(ExtensibilityGlobals) = postSolution
		SolutionGuid = {59101E98-0048-4B19-B357-E1E546EA6937}
	EndGlobalSection
EndGlobal
